
Microsoft Visual Studio Solution File, Format Version 12.00
# Visual Studio Version 17
VisualStudioVersion = 17.14.36127.28 d17.14
MinimumVisualStudioVersion = 10.0.40219.1
Project("{FAE04EC0-301F-11D3-BF4B-00C04F79EFBC}") = "GCodeViewer", "GCodeViewer.csproj", "{239B8709-DB29-4345-9137-CA45C102947B}"
EndProject
Global
	GlobalSection(SolutionConfigurationPlatforms) = preSolution
		Debug|Any CPU = Debug|Any CPU
		Release|Any CPU = Release|Any CPU
	EndGlobalSection
	GlobalSection(ProjectConfigurationPlatforms) = postSolution
		{239B8709-DB29-4345-9137-CA45C102947B}.Debug|Any CPU.ActiveCfg = Debug|Any CPU
		{239B8709-DB29-4345-9137-CA45C102947B}.Debug|Any CPU.Build.0 = Debug|Any CPU
		{239B8709-DB29-4345-9137-CA45C102947B}.Release|Any CPU.ActiveCfg = Release|Any CPU
		{239B8709-DB29-4345-9137-CA45C102947B}.Release|Any CPU.Build.0 = Release|Any CPU
	EndGlobalSection
	GlobalSection(SolutionProperties) = preSolution
		HideSolutionNode = FALSE
	EndGlobalSection
	GlobalSection(ExtensibilityGlobals) = postSolution
		SolutionGuid = {BB6B574B-AE0E-4B7C-BEC8-49112DA4D3F4}
	EndGlobalSection
EndGlobal
